
Microsoft Visual Studio Solution File, Format Version 12.00
# Visual Studio Version 17
VisualStudioVersion = 17.1.32421.90
MinimumVisualStudioVersion = 10.0.40219.1
Project("{FAE04EC0-301F-11D3-BF4B-00C04F79EFBC}") = "PayPalPayment", "PayPalPayment\PayPalPayment.csproj", "{6251A5B0-5759-42AD-A728-C9219D481549}"
EndProject
Global
	GlobalSection(SolutionConfigurationPlatforms) = preSolution
		Debug|Any CPU = Debug|Any CPU
		Release|Any CPU = Release|Any CPU
	EndGlobalSection
	GlobalSection(ProjectConfigurationPlatforms) = postSolution
		{6251A5B0-5759-42AD-A728-C9219D481549}.Debug|Any CPU.ActiveCfg = Debug|Any CPU
		{6251A5B0-5759-42AD-A728-C9219D481549}.Debug|Any CPU.Build.0 = Debug|Any CPU
		{6251A5B0-5759-42AD-A728-C9219D481549}.Release|Any CPU.ActiveCfg = Release|Any CPU
		{6251A5B0-5759-42AD-A728-C9219D481549}.Release|Any CPU.Build.0 = Release|Any CPU
	EndGlobalSection
	GlobalSection(SolutionProperties) = preSolution
		HideSolutionNode = FALSE
	EndGlobalSection
	GlobalSection(ExtensibilityGlobals) = postSolution
		SolutionGuid = {A3D99C2C-1F78-4E29-AFA1-E4BC0F56F852}
	EndGlobalSection
EndGlobal
